
Microsoft Visual Studio Solution File, Format Version 12.00
# Visual Studio Version 16
VisualStudioVersion = 16.0.31129.286
MinimumVisualStudioVersion = 10.0.40219.1
Project("{9A19103F-16F7-4668-BE54-9A1E7A4F7556}") = "CarConsole_V1", "CarConsole_V1\CarConsole_V1.csproj", "{911C4039-4B0F-46FF-80BF-7059EAD5A878}"
EndProject
Project("{2150E333-8FDC-42A3-9474-1A3956D46DE8}") = "ConsoleSamples", "ConsoleSamples", "{4B7F7DD4-6BD1-4C12-B523-B8590BE1F282}"
EndProject
Project("{9A19103F-16F7-4668-BE54-9A1E7A4F7556}") = "CarConsole_V2", "CarConsole_V2\CarConsole_V2.csproj", "{E5E1DADE-4235-4029-96D4-A90A59C8D56B}"
EndProject
Project("{9A19103F-16F7-4668-BE54-9A1E7A4F7556}") = "CarConsole_V3", "CarConsole_V3\CarConsole_V3.csproj", "{9787897A-2547-419B-B17A-28D35FF5A852}"
EndProject
Project("{9A19103F-16F7-4668-BE54-9A1E7A4F7556}") = "CarConsole_V4", "CarConsole_V4\CarConsole_V4.csproj", "{80914D79-4DC3-400A-B6F2-C91DF6597047}"
EndProject
Project("{2150E333-8FDC-42A3-9474-1A3956D46DE8}") = "LayeredSample", "LayeredSample", "{729704FE-AC6D-4222-AEED-6D3ED1BF658A}"
EndProject
Project("{9A19103F-16F7-4668-BE54-9A1E7A4F7556}") = "CarConsole", "CarConsole\CarConsole.csproj", "{660A8B63-2852-4ABE-A6FF-198B70BB68D3}"
EndProject
Project("{9A19103F-16F7-4668-BE54-9A1E7A4F7556}") = "Cars", "Cars\Cars.csproj", "{9D9E832A-A8EA-4B5A-8DD2-2C54EB56A61D}"
EndProject
Project("{FAE04EC0-301F-11D3-BF4B-00C04F79EFBC}") = "CarsUnitTests", "CarsUnitTests\CarsUnitTests.csproj", "{E15E6388-2A45-4974-84DD-D6E0B05E6B91}"
EndProject
Global
	GlobalSection(SolutionConfigurationPlatforms) = preSolution
		Debug|Any CPU = Debug|Any CPU
		Release|Any CPU = Release|Any CPU
	EndGlobalSection
	GlobalSection(ProjectConfigurationPlatforms) = postSolution
		{911C4039-4B0F-46FF-80BF-7059EAD5A878}.Debug|Any CPU.ActiveCfg = Debug|Any CPU
		{911C4039-4B0F-46FF-80BF-7059EAD5A878}.Debug|Any CPU.Build.0 = Debug|Any CPU
		{911C4039-4B0F-46FF-80BF-7059EAD5A878}.Release|Any CPU.ActiveCfg = Release|Any CPU
		{911C4039-4B0F-46FF-80BF-7059EAD5A878}.Release|Any CPU.Build.0 = Release|Any CPU
		{E5E1DADE-4235-4029-96D4-A90A59C8D56B}.Debug|Any CPU.ActiveCfg = Debug|Any CPU
		{E5E1DADE-4235-4029-96D4-A90A59C8D56B}.Debug|Any CPU.Build.0 = Debug|Any CPU
		{E5E1DADE-4235-4029-96D4-A90A59C8D56B}.Release|Any CPU.ActiveCfg = Release|Any CPU
		{E5E1DADE-4235-4029-96D4-A90A59C8D56B}.Release|Any CPU.Build.0 = Release|Any CPU
		{9787897A-2547-419B-B17A-28D35FF5A852}.Debug|Any CPU.ActiveCfg = Debug|Any CPU
		{9787897A-2547-419B-B17A-28D35FF5A852}.Debug|Any CPU.Build.0 = Debug|Any CPU
		{9787897A-2547-419B-B17A-28D35FF5A852}.Release|Any CPU.ActiveCfg = Release|Any CPU
		{9787897A-2547-419B-B17A-28D35FF5A852}.Release|Any CPU.Build.0 = Release|Any CPU
		{80914D79-4DC3-400A-B6F2-C91DF6597047}.Debug|Any CPU.ActiveCfg = Debug|Any CPU
		{80914D79-4DC3-400A-B6F2-C91DF6597047}.Debug|Any CPU.Build.0 = Debug|Any CPU
		{80914D79-4DC3-400A-B6F2-C91DF6597047}.Release|Any CPU.ActiveCfg = Release|Any CPU
		{80914D79-4DC3-400A-B6F2-C91DF6597047}.Release|Any CPU.Build.0 = Release|Any CPU
		{660A8B63-2852-4ABE-A6FF-198B70BB68D3}.Debug|Any CPU.ActiveCfg = Debug|Any CPU
		{660A8B63-2852-4ABE-A6FF-198B70BB68D3}.Debug|Any CPU.Build.0 = Debug|Any CPU
		{660A8B63-2852-4ABE-A6FF-198B70BB68D3}.Release|Any CPU.ActiveCfg = Release|Any CPU
		{660A8B63-2852-4ABE-A6FF-198B70BB68D3}.Release|Any CPU.Build.0 = Release|Any CPU
		{9D9E832A-A8EA-4B5A-8DD2-2C54EB56A61D}.Debug|Any CPU.ActiveCfg = Debug|Any CPU
		{9D9E832A-A8EA-4B5A-8DD2-2C54EB56A61D}.Debug|Any CPU.Build.0 = Debug|Any CPU
		{9D9E832A-A8EA-4B5A-8DD2-2C54EB56A61D}.Release|Any CPU.ActiveCfg = Release|Any CPU
		{9D9E832A-A8EA-4B5A-8DD2-2C54EB56A61D}.Release|Any CPU.Build.0 = Release|Any CPU
		{E15E6388-2A45-4974-84DD-D6E0B05E6B91}.Debug|Any CPU.ActiveCfg = Debug|Any CPU
		{E15E6388-2A45-4974-84DD-D6E0B05E6B91}.Debug|Any CPU.Build.0 = Debug|Any CPU
		{E15E6388-2A45-4974-84DD-D6E0B05E6B91}.Release|Any CPU.ActiveCfg = Release|Any CPU
		{E15E6388-2A45-4974-84DD-D6E0B05E6B91}.Release|Any CPU.Build.0 = Release|Any CPU
	EndGlobalSection
	GlobalSection(SolutionProperties) = preSolution
		HideSolutionNode = FALSE
	EndGlobalSection
	GlobalSection(NestedProjects) = preSolution
		{911C4039-4B0F-46FF-80BF-7059EAD5A878} = {4B7F7DD4-6BD1-4C12-B523-B8590BE1F282}
		{E5E1DADE-4235-4029-96D4-A90A59C8D56B} = {4B7F7DD4-6BD1-4C12-B523-B8590BE1F282}
		{9787897A-2547-419B-B17A-28D35FF5A852} = {4B7F7DD4-6BD1-4C12-B523-B8590BE1F282}
		{80914D79-4DC3-400A-B6F2-C91DF6597047} = {4B7F7DD4-6BD1-4C12-B523-B8590BE1F282}
		{660A8B63-2852-4ABE-A6FF-198B70BB68D3} = {729704FE-AC6D-4222-AEED-6D3ED1BF658A}
		{9D9E832A-A8EA-4B5A-8DD2-2C54EB56A61D} = {729704FE-AC6D-4222-AEED-6D3ED1BF658A}
		{E15E6388-2A45-4974-84DD-D6E0B05E6B91} = {729704FE-AC6D-4222-AEED-6D3ED1BF658A}
	EndGlobalSection
	GlobalSection(ExtensibilityGlobals) = postSolution
		SolutionGuid = {770C91E7-BA17-4D62-967B-B8A4BB9F1775}
	EndGlobalSection
EndGlobal
